
Microsoft Visual Studio Solution File, Format Version 12.00
# Visual Studio 2012
Project("{FAE04EC0-301F-11D3-BF4B-00C04F79EFBC}") = "SearchRobot", "SearchRobot\SearchRobot.csproj", "{81D88AFD-1750-4329-8CF9-8A5B70388140}"
EndProject
Project("{FAE04EC0-301F-11D3-BF4B-00C04F79EFBC}") = "SearchRobot.Library", "SearchRobot.Library\SearchRobot.Library.csproj", "{68425A01-0F00-41D2-AC84-B65096FC6659}"
EndProject
Global
	GlobalSection(SolutionConfigurationPlatforms) = preSolution
		Debug|Any CPU = Debug|Any CPU
		Release|Any CPU = Release|Any CPU
	EndGlobalSection
	GlobalSection(ProjectConfigurationPlatforms) = postSolution
		{81D88AFD-1750-4329-8CF9-8A5B70388140}.Debug|Any CPU.ActiveCfg = Debug|Any CPU
		{81D88AFD-1750-4329-8CF9-8A5B70388140}.Debug|Any CPU.Build.0 = Debug|Any CPU
		{81D88AFD-1750-4329-8CF9-8A5B70388140}.Release|Any CPU.ActiveCfg = Release|Any CPU
		{81D88AFD-1750-4329-8CF9-8A5B70388140}.Release|Any CPU.Build.0 = Release|Any CPU
		{68425A01-0F00-41D2-AC84-B65096FC6659}.Debug|Any CPU.ActiveCfg = Debug|Any CPU
		{68425A01-0F00-41D2-AC84-B65096FC6659}.Debug|Any CPU.Build.0 = Debug|Any CPU
		{68425A01-0F00-41D2-AC84-B65096FC6659}.Release|Any CPU.ActiveCfg = Release|Any CPU
		{68425A01-0F00-41D2-AC84-B65096FC6659}.Release|Any CPU.Build.0 = Release|Any CPU
	EndGlobalSection
	GlobalSection(SolutionProperties) = preSolution
		HideSolutionNode = FALSE
	EndGlobalSection
EndGlobal
